// !$*UTF8*$!
{
	archiveVersion = 1;
	classes = {
	};
	objectVersion = 50;
	objects = {

/* Begin PBXBuildFile section */
		CC8FFA1726A09797003BDB4E /* AppDelegate.swift in Sources */ = {isa = PBXBuildFile; fileRef = CC8FFA1626A09797003BDB4E /* AppDelegate.swift */; };
		CC8FFA1926A09797003BDB4E /* SceneDelegate.swift in Sources */ = {isa = PBXBuildFile; fileRef = CC8FFA1826A09797003BDB4E /* SceneDelegate.swift */; };
		CC8FFA1B26A09797003BDB4E /* ViewController.swift in Sources */ = {isa = PBXBuildFile; fileRef = CC8FFA1A26A09797003BDB4E /* ViewController.swift */; };
		CC8FFA1E26A09797003BDB4E /* Main.storyboard in Resources */ = {isa = PBXBuildFile; fileRef = CC8FFA1C26A09797003BDB4E /* Main.storyboard */; };
		CC8FFA2126A09797003BDB4E /* Ask_anything.xcdatamodeld in Sources */ = {isa = PBXBuildFile; fileRef = CC8FFA1F26A09797003BDB4E /* Ask_anything.xcdatamodeld */; };
		CC8FFA2326A0979A003BDB4E /* Assets.xcassets in Resources */ = {isa = PBXBuildFile; fileRef = CC8FFA2226A0979A003BDB4E /* Assets.xcassets */; };
		CC8FFA2626A0979A003BDB4E /* LaunchScreen.storyboard in Resources */ = {isa = PBXBuildFile; fileRef = CC8FFA2426A0979A003BDB4E /* LaunchScreen.storyboard */; };
		CC8FFA3126A0979B003BDB4E /* Ask_anythingTests.swift in Sources */ = {isa = PBXBuildFile; fileRef = CC8FFA3026A0979B003BDB4E /* Ask_anythingTests.swift */; };
		CC8FFA3C26A0979B003BDB4E /* Ask_anythingUITests.swift in Sources */ = {isa = PBXBuildFile; fileRef = CC8FFA3B26A0979B003BDB4E /* Ask_anythingUITests.swift */; };
/* End PBXBuildFile section */

/* Begin PBXContainerItemProxy section */
		CC8FFA2D26A0979B003BDB4E /* PBXContainerItemProxy */ = {
			isa = PBXContainerItemProxy;
			containerPortal = CC8FFA0B26A09797003BDB4E /* Project object */;
			proxyType = 1;
			remoteGlobalIDString = CC8FFA1226A09797003BDB4E;
			remoteInfo = "Ask anything";
		};
		CC8FFA3826A0979B003BDB4E /* PBXContainerItemProxy */ = {
			isa = PBXContainerItemProxy;
			containerPortal = CC8FFA0B26A09797003BDB4E /* Project object */;
			proxyType = 1;
			remoteGlobalIDString = CC8FFA1226A09797003BDB4E;
			remoteInfo = "Ask anything";
		};
/* End PBXContainerItemProxy section */

/* Begin PBXFileReference section */
		CC8FFA1326A09797003BDB4E /* Ask anything.app */ = {isa = PBXFileReference; explicitFileType = wrapper.application; includeInIndex = 0; path = "Ask anything.app"; sourceTree = BUILT_PRODUCTS_DIR; };
		CC8FFA1626A09797003BDB4E /* AppDelegate.swift */ = {isa = PBXFileReference; lastKnownFileType = sourcecode.swift; path = AppDelegate.swift; sourceTree = "<group>"; };
		CC8FFA1826A09797003BDB4E /* SceneDelegate.swift */ = {isa = PBXFileReference; lastKnownFileType = sourcecode.swift; path = SceneDelegate.swift; sourceTree = "<group>"; };
		CC8FFA1A26A09797003BDB4E /* ViewController.swift */ = {isa = PBXFileReference; lastKnownFileType = sourcecode.swift; path = ViewController.swift; sourceTree = "<group>"; };
		CC8FFA1D26A09797003BDB4E /* Base */ = {isa = PBXFileReference; lastKnownFileType = file.storyboard; name = Base; path = Base.lproj/Main.storyboard; sourceTree = "<group>"; };
		CC8FFA2026A09797003BDB4E /* Ask_anything.xcdatamodel */ = {isa = PBXFileReference; lastKnownFileType = wrapper.xcdatamodel; path = Ask_anything.xcdatamodel; sourceTree = "<group>"; };
		CC8FFA2226A0979A003BDB4E /* Assets.xcassets */ = {isa = PBXFileReference; lastKnownFileType = folder.assetcatalog; path = Assets.xcassets; sourceTree = "<group>"; };
		CC8FFA2526A0979A003BDB4E /* Base */ = {isa = PBXFileReference; lastKnownFileType = file.storyboard; name = Base; path = Base.lproj/LaunchScreen.storyboard; sourceTree = "<group>"; };
		CC8FFA2726A0979A003BDB4E /* Info.plist */ = {isa = PBXFileReference; lastKnownFileType = text.plist.xml; path = Info.plist; sourceTree = "<group>"; };
		CC8FFA2C26A0979B003BDB4E /* Ask anythingTests.xctest */ = {isa = PBXFileReference; explicitFileType = wrapper.cfbundle; includeInIndex = 0; path = "Ask anythingTests.xctest"; sourceTree = BUILT_PRODUCTS_DIR; };
		CC8FFA3026A0979B003BDB4E /* Ask_anythingTests.swift */ = {isa = PBXFileReference; lastKnownFileType = sourcecode.swift; path = Ask_anythingTests.swift; sourceTree = "<group>"; };
		CC8FFA3226A0979B003BDB4E /* Info.plist */ = {isa = PBXFileReference; lastKnownFileType = text.plist.xml; path = Info.plist; sourceTree = "<group>"; };
		CC8FFA3726A0979B003BDB4E /* Ask anythingUITests.xctest */ = {isa = PBXFileReference; explicitFileType = wrapper.cfbundle; includeInIndex = 0; path = "Ask anythingUITests.xctest"; sourceTree = BUILT_PRODUCTS_DIR; };
		CC8FFA3B26A0979B003BDB4E /* Ask_anythingUITests.swift */ = {isa = PBXFileReference; lastKnownFileType = sourcecode.swift; path = Ask_anythingUITests.swift; sourceTree = "<group>"; };
		CC8FFA3D26A0979B003BDB4E /* Info.plist */ = {isa = PBXFileReference; lastKnownFileType = text.plist.xml; path = Info.plist; sourceTree = "<group>"; };
/* End PBXFileReference section */

/* Begin PBXFrameworksBuildPhase section */
		CC8FFA1026A09797003BDB4E /* Frameworks */ = {
			isa = PBXFrameworksBuildPhase;
			buildActionMask = 2147483647;
			files = (
			);
			runOnlyForDeploymentPostprocessing = 0;
		};
		CC8FFA2926A0979B003BDB4E /* Frameworks */ = {
			isa = PBXFrameworksBuildPhase;
			buildActionMask = 2147483647;
			files = (
			);
			runOnlyForDeploymentPostprocessing = 0;
		};
		CC8FFA3426A0979B003BDB4E /* Frameworks */ = {
			isa = PBXFrameworksBuildPhase;
			buildActionMask = 2147483647;
			files = (
			);
			runOnlyForDeploymentPostprocessing = 0;
		};
/* End PBXFrameworksBuildPhase section */

/* Begin PBXGroup section */
		CC8FFA0A26A09797003BDB4E = {
			isa = PBXGroup;
			children = (
				CC8FFA1526A09797003BDB4E /* Ask anything */,
				CC8FFA2F26A0979B003BDB4E /* Ask anythingTests */,
				CC8FFA3A26A0979B003BDB4E /* Ask anythingUITests */,
				CC8FFA1426A09797003BDB4E /* Products */,
			);
			sourceTree = "<group>";
		};
		CC8FFA1426A09797003BDB4E /* Products */ = {
			isa = PBXGroup;
			children = (
				CC8FFA1326A09797003BDB4E /* Ask anything.app */,
				CC8FFA2C26A0979B003BDB4E /* Ask anythingTests.xctest */,
				CC8FFA3726A0979B003BDB4E /* Ask anythingUITests.xctest */,
			);
			name = Products;
			sourceTree = "<group>";
		};
		CC8FFA1526A09797003BDB4E /* Ask anything */ = {
			isa = PBXGroup;
			children = (
				CC8FFA1626A09797003BDB4E /* AppDelegate.swift */,
				CC8FFA1826A09797003BDB4E /* SceneDelegate.swift */,
				CC8FFA1A26A09797003BDB4E /* ViewController.swift */,
				CC8FFA1C26A09797003BDB4E /* Main.storyboard */,
				CC8FFA2226A0979A003BDB4E /* Assets.xcassets */,
				CC8FFA2426A0979A003BDB4E /* LaunchScreen.storyboard */,
				CC8FFA2726A0979A003BDB4E /* Info.plist */,
				CC8FFA1F26A09797003BDB4E /* Ask_anything.xcdatamodeld */,
			);
			path = "Ask anything";
			sourceTree = "<group>";
		};
		CC8FFA2F26A0979B003BDB4E /* Ask anythingTests */ = {
			isa = PBXGroup;
			children = (
				CC8FFA3026A0979B003BDB4E /* Ask_anythingTests.swift */,
				CC8FFA3226A0979B003BDB4E /* Info.plist */,
			);
			path = "Ask anythingTests";
			sourceTree = "<group>";
		};
		CC8FFA3A26A0979B003BDB4E /* Ask anythingUITests */ = {
			isa = PBXGroup;
			children = (
				CC8FFA3B26A0979B003BDB4E /* Ask_anythingUITests.swift */,
				CC8FFA3D26A0979B003BDB4E /* Info.plist */,
			);
			path = "Ask anythingUITests";
			sourceTree = "<group>";
		};
/* End PBXGroup section */

/* Begin PBXNativeTarget section */
		CC8FFA1226A09797003BDB4E /* Ask anything */ = {
			isa = PBXNativeTarget;
			buildConfigurationList = CC8FFA4026A0979B003BDB4E /* Build configuration list for PBXNativeTarget "Ask anything" */;
			buildPhases = (
				CC8FFA0F26A09797003BDB4E /* Sources */,
				CC8FFA1026A09797003BDB4E /* Frameworks */,
				CC8FFA1126A09797003BDB4E /* Resources */,
			);
			buildRules = (
			);
			dependencies = (
			);
			name = "Ask anything";
			productName = "Ask anything";
			productReference = CC8FFA1326A09797003BDB4E /* Ask anything.app */;
			productType = "com.apple.product-type.application";
		};
		CC8FFA2B26A0979B003BDB4E /* Ask anythingTests */ = {
			isa = PBXNativeTarget;
			buildConfigurationList = CC8FFA4326A0979B003BDB4E /* Build configuration list for PBXNativeTarget "Ask anythingTests" */;
			buildPhases = (
				CC8FFA2826A0979B003BDB4E /* Sources */,
				CC8FFA2926A0979B003BDB4E /* Frameworks */,
				CC8FFA2A26A0979B003BDB4E /* Resources */,
			);
			buildRules = (
			);
			dependencies = (
				CC8FFA2E26A0979B003BDB4E /* PBXTargetDependency */,
			);
			name = "Ask anythingTests";
			productName = "Ask anythingTests";
			productReference = CC8FFA2C26A0979B003BDB4E /* Ask anythingTests.xctest */;
			productType = "com.apple.product-type.bundle.unit-test";
		};
		CC8FFA3626A0979B003BDB4E /* Ask anythingUITests */ = {
			isa = PBXNativeTarget;
			buildConfigurationList = CC8FFA4626A0979B003BDB4E /* Build configuration list for PBXNativeTarget "Ask anythingUITests" */;
			buildPhases = (
				CC8FFA3326A0979B003BDB4E /* Sources */,
				CC8FFA3426A0979B003BDB4E /* Frameworks */,
				CC8FFA3526A0979B003BDB4E /* Resources */,
			);
			buildRules = (
			);
			dependencies = (
				CC8FFA3926A0979B003BDB4E /* PBXTargetDependency */,
			);
			name = "Ask anythingUITests";
			productName = "Ask anythingUITests";
			productReference = CC8FFA3726A0979B003BDB4E /* Ask anythingUITests.xctest */;
			productType = "com.apple.product-type.bundle.ui-testing";
		};
/* End PBXNativeTarget section */

/* Begin PBXProject section */
		CC8FFA0B26A09797003BDB4E /* Project object */ = {
			isa = PBXProject;
			attributes = {
				LastSwiftUpdateCheck = 1250;
				LastUpgradeCheck = 1250;
				TargetAttributes = {
					CC8FFA1226A09797003BDB4E = {
						CreatedOnToolsVersion = 12.5.1;
					};
					CC8FFA2B26A0979B003BDB4E = {
						CreatedOnToolsVersion = 12.5.1;
						TestTargetID = CC8FFA1226A09797003BDB4E;
					};
					CC8FFA3626A0979B003BDB4E = {
						CreatedOnToolsVersion = 12.5.1;
						TestTargetID = CC8FFA1226A09797003BDB4E;
					};
				};
			};
			buildConfigurationList = CC8FFA0E26A09797003BDB4E /* Build configuration list for PBXProject "Ask anything" */;
			compatibilityVersion = "Xcode 9.3";
			developmentRegion = en;
			hasScannedForEncodings = 0;
			knownRegions = (
				en,
				Base,
			);
			mainGroup = CC8FFA0A26A09797003BDB4E;
			productRefGroup = CC8FFA1426A09797003BDB4E /* Products */;
			projectDirPath = "";
			projectRoot = "";
			targets = (
				CC8FFA1226A09797003BDB4E /* Ask anything */,
				CC8FFA2B26A0979B003BDB4E /* Ask anythingTests */,
				CC8FFA3626A0979B003BDB4E /* Ask anythingUITests */,
			);
		};
/* End PBXProject section */

/* Begin PBXResourcesBuildPhase section */
		CC8FFA1126A09797003BDB4E /* Resources */ = {
			isa = PBXResourcesBuildPhase;
			buildActionMask = 2147483647;
			files = (
				CC8FFA2626A0979A003BDB4E /* LaunchScreen.storyboard in Resources */,
				CC8FFA2326A0979A003BDB4E /* Assets.xcassets in Resources */,
				CC8FFA1E26A09797003BDB4E /* Main.storyboard in Resources */,
			);
			runOnlyForDeploymentPostprocessing = 0;
		};
		CC8FFA2A26A0979B003BDB4E /* Resources */ = {
			isa = PBXResourcesBuildPhase;
			buildActionMask = 2147483647;
			files = (
			);
			runOnlyForDeploymentPostprocessing = 0;
		};
		CC8FFA3526A0979B003BDB4E /* Resources */ = {
			isa = PBXResourcesBuildPhase;
			buildActionMask = 2147483647;
			files = (
			);
			runOnlyForDeploymentPostprocessing = 0;
		};
/* End PBXResourcesBuildPhase section */

/* Begin PBXSourcesBuildPhase section */
		CC8FFA0F26A09797003BDB4E /* Sources */ = {
			isa = PBXSourcesBuildPhase;
			buildActionMask = 2147483647;
			files = (
				CC8FFA1B26A09797003BDB4E /* ViewController.swift in Sources */,
				CC8FFA2126A09797003BDB4E /* Ask_anything.xcdatamodeld in Sources */,
				CC8FFA1726A09797003BDB4E /* AppDelegate.swift in Sources */,
				CC8FFA1926A09797003BDB4E /* SceneDelegate.swift in Sources */,
			);
			runOnlyForDeploymentPostprocessing = 0;
		};
		CC8FFA2826A0979B003BDB4E /* Sources */ = {
			isa = PBXSourcesBuildPhase;
			buildActionMask = 2147483647;
			files = (
				CC8FFA3126A0979B003BDB4E /* Ask_anythingTests.swift in Sources */,
			);
			runOnlyForDeploymentPostprocessing = 0;
		};
		CC8FFA3326A0979B003BDB4E /* Sources */ = {
			isa = PBXSourcesBuildPhase;
			buildActionMask = 2147483647;
			files = (
				CC8FFA3C26A0979B003BDB4E /* Ask_anythingUITests.swift in Sources */,
			);
			runOnlyForDeploymentPostprocessing = 0;
		};
/* End PBXSourcesBuildPhase section */

/* Begin PBXTargetDependency section */
		CC8FFA2E26A0979B003BDB4E /* PBXTargetDependency */ = {
			isa = PBXTargetDependency;
			target = CC8FFA1226A09797003BDB4E /* Ask anything */;
			targetProxy = CC8FFA2D26A0979B003BDB4E /* PBXContainerItemProxy */;
		};
		CC8FFA3926A0979B003BDB4E /* PBXTargetDependency */ = {
			isa = PBXTargetDependency;
			target = CC8FFA1226A09797003BDB4E /* Ask anything */;
			targetProxy = CC8FFA3826A0979B003BDB4E /* PBXContainerItemProxy */;
		};
/* End PBXTargetDependency section */

/* Begin PBXVariantGroup section */
		CC8FFA1C26A09797003BDB4E /* Main.storyboard */ = {
			isa = PBXVariantGroup;
			children = (
				CC8FFA1D26A09797003BDB4E /* Base */,
			);
			name = Main.storyboard;
			sourceTree = "<group>";
		};
		CC8FFA2426A0979A003BDB4E /* LaunchScreen.storyboard */ = {
			isa = PBXVariantGroup;
			children = (
				CC8FFA2526A0979A003BDB4E /* Base */,
			);
			name = LaunchScreen.storyboard;
			sourceTree = "<group>";
		};
/* End PBXVariantGroup section */

/* Begin XCBuildConfiguration section */
		CC8FFA3E26A0979B003BDB4E /* Debug */ = {
			isa = XCBuildConfiguration;
			buildSettings = {
				ALWAYS_SEARCH_USER_PATHS = NO;
				CLANG_ANALYZER_NONNULL = YES;
				CLANG_ANALYZER_NUMBER_OBJECT_CONVERSION = YES_AGGRESSIVE;
				CLANG_CXX_LANGUAGE_STANDARD = "gnu++14";
				CLANG_CXX_LIBRARY = "libc++";
				CLANG_ENABLE_MODULES = YES;
				CLANG_ENABLE_OBJC_ARC = YES;
				CLANG_ENABLE_OBJC_WEAK = YES;
				CLANG_WARN_BLOCK_CAPTURE_AUTORELEASING = YES;
				CLANG_WARN_BOOL_CONVERSION = YES;
				CLANG_WARN_COMMA = YES;
				CLANG_WARN_CONSTANT_CONVERSION = YES;
				CLANG_WARN_DEPRECATED_OBJC_IMPLEMENTATIONS = YES;
				CLANG_WARN_DIRECT_OBJC_ISA_USAGE = YES_ERROR;
				CLANG_WARN_DOCUMENTATION_COMMENTS = YES;
				CLANG_WARN_EMPTY_BODY = YES;
				CLANG_WARN_ENUM_CONVERSION = YES;
				CLANG_WARN_INFINITE_RECURSION = YES;
				CLANG_WARN_INT_CONVERSION = YES;
				CLANG_WARN_NON_LITERAL_NULL_CONVERSION = YES;
				CLANG_WARN_OBJC_IMPLICIT_RETAIN_SELF = YES;
				CLANG_WARN_OBJC_LITERAL_CONVERSION = YES;
				CLANG_WARN_OBJC_ROOT_CLASS = YES_ERROR;
				CLANG_WARN_QUOTED_INCLUDE_IN_FRAMEWORK_HEADER = YES;
				CLANG_WARN_RANGE_LOOP_ANALYSIS = YES;
				CLANG_WARN_STRICT_PROTOTYPES = YES;
				CLANG_WARN_SUSPICIOUS_MOVE = YES;
				CLANG_WARN_UNGUARDED_AVAILABILITY = YES_AGGRESSIVE;
				CLANG_WARN_UNREACHABLE_CODE = YES;
				CLANG_WARN__DUPLICATE_METHOD_MATCH = YES;
				COPY_PHASE_STRIP = NO;
				DEBUG_INFORMATION_FORMAT = dwarf;
				ENABLE_STRICT_OBJC_MSGSEND = YES;
				ENABLE_TESTABILITY = YES;
				GCC_C_LANGUAGE_STANDARD = gnu11;
				GCC_DYNAMIC_NO_PIC = NO;
				GCC_NO_COMMON_BLOCKS = YES;
				GCC_OPTIMIZATION_LEVEL = 0;
				GCC_PREPROCESSOR_DEFINITIONS = (
					"DEBUG=1",
					"$(inherited)",
				);
				GCC_WARN_64_TO_32_BIT_CONVERSION = YES;
				GCC_WARN_ABOUT_RETURN_TYPE = YES_ERROR;
				GCC_WARN_UNDECLARED_SELECTOR = YES;
				GCC_WARN_UNINITIALIZED_AUTOS = YES_AGGRESSIVE;
				GCC_WARN_UNUSED_FUNCTION = YES;
				GCC_WARN_UNUSED_VARIABLE = YES;
				IPHONEOS_DEPLOYMENT_TARGET = 14.5;
				MTL_ENABLE_DEBUG_INFO = INCLUDE_SOURCE;
				MTL_FAST_MATH = YES;
				ONLY_ACTIVE_ARCH = YES;
				SDKROOT = iphoneos;
				SWIFT_ACTIVE_COMPILATION_CONDITIONS = DEBUG;
				SWIFT_OPTIMIZATION_LEVEL = "-Onone";
			};
			name = Debug;
		};
		CC8FFA3F26A0979B003BDB4E /* Release */ = {
			isa = XCBuildConfiguration;
			buildSettings = {
				ALWAYS_SEARCH_USER_PATHS = NO;
				CLANG_ANALYZER_NONNULL = YES;
				CLANG_ANALYZER_NUMBER_OBJECT_CONVERSION = YES_AGGRESSIVE;
				CLANG_CXX_LANGUAGE_STANDARD = "gnu++14";
				CLANG_CXX_LIBRARY = "libc++";
				CLANG_ENABLE_MODULES = YES;
				CLANG_ENABLE_OBJC_ARC = YES;
				CLANG_ENABLE_OBJC_WEAK = YES;
				CLANG_WARN_BLOCK_CAPTURE_AUTORELEASING = YES;
				CLANG_WARN_BOOL_CONVERSION = YES;
				CLANG_WARN_COMMA = YES;
				CLANG_WARN_CONSTANT_CONVERSION = YES;
				CLANG_WARN_DEPRECATED_OBJC_IMPLEMENTATIONS = YES;
				CLANG_WARN_DIRECT_OBJC_ISA_USAGE = YES_ERROR;
				CLANG_WARN_DOCUMENTATION_COMMENTS = YES;
				CLANG_WARN_EMPTY_BODY = YES;
				CLANG_WARN_ENUM_CONVERSION = YES;
				CLANG_WARN_INFINITE_RECURSION = YES;
				CLANG_WARN_INT_CONVERSION = YES;
				CLANG_WARN_NON_LITERAL_NULL_CONVERSION = YES;
				CLANG_WARN_OBJC_IMPLICIT_RETAIN_SELF = YES;
				CLANG_WARN_OBJC_LITERAL_CONVERSION = YES;
				CLANG_WARN_OBJC_ROOT_CLASS = YES_ERROR;
				CLANG_WARN_QUOTED_INCLUDE_IN_FRAMEWORK_HEADER = YES;
				CLANG_WARN_RANGE_LOOP_ANALYSIS = YES;
				CLANG_WARN_STRICT_PROTOTYPES = YES;
				CLANG_WARN_SUSPICIOUS_MOVE = YES;
				CLANG_WARN_UNGUARDED_AVAILABILITY = YES_AGGRESSIVE;
				CLANG_WARN_UNREACHABLE_CODE = YES;
				CLANG_WARN__DUPLICATE_METHOD_MATCH = YES;
				COPY_PHASE_STRIP = NO;
				DEBUG_INFORMATION_FORMAT = "dwarf-with-dsym";
				ENABLE_NS_ASSERTIONS = NO;
				ENABLE_STRICT_OBJC_MSGSEND = YES;
				GCC_C_LANGUAGE_STANDARD = gnu11;
				GCC_NO_COMMON_BLOCKS = YES;
				GCC_WARN_64_TO_32_BIT_CONVERSION = YES;
				GCC_WARN_ABOUT_RETURN_TYPE = YES_ERROR;
				GCC_WARN_UNDECLARED_SELECTOR = YES;
				GCC_WARN_UNINITIALIZED_AUTOS = YES_AGGRESSIVE;
				GCC_WARN_UNUSED_FUNCTION = YES;
				GCC_WARN_UNUSED_VARIABLE = YES;
				IPHONEOS_DEPLOYMENT_TARGET = 14.5;
				MTL_ENABLE_DEBUG_INFO = NO;
				MTL_FAST_MATH = YES;
				SDKROOT = iphoneos;
				SWIFT_COMPILATION_MODE = wholemodule;
				SWIFT_OPTIMIZATION_LEVEL = "-O";
				VALIDATE_PRODUCT = YES;
			};
			name = Release;
		};
		CC8FFA4126A0979B003BDB4E /* Debug */ = {
			isa = XCBuildConfiguration;
			buildSettings = {
				ASSETCATALOG_COMPILER_APPICON_NAME = AppIcon;
				ASSETCATALOG_COMPILER_GLOBAL_ACCENT_COLOR_NAME = AccentColor;
				CODE_SIGN_STYLE = Automatic;
				INFOPLIST_FILE = "Ask anything/Info.plist";
				LD_RUNPATH_SEARCH_PATHS = (
					"$(inherited)",
					"@executable_path/Frameworks",
				);
				PRODUCT_BUNDLE_IDENTIFIER = "com.iKierre.Ask-anything";
				PRODUCT_NAME = "$(TARGET_NAME)";
				SWIFT_VERSION = 5.0;
				TARGETED_DEVICE_FAMILY = "1,2";
			};
			name = Debug;
		};
		CC8FFA4226A0979B003BDB4E /* Release */ = {
			isa = XCBuildConfiguration;
			buildSettings = {
				ASSETCATALOG_COMPILER_APPICON_NAME = AppIcon;
				ASSETCATALOG_COMPILER_GLOBAL_ACCENT_COLOR_NAME = AccentColor;
				CODE_SIGN_STYLE = Automatic;
				INFOPLIST_FILE = "Ask anything/Info.plist";
				LD_RUNPATH_SEARCH_PATHS = (
					"$(inherited)",
					"@executable_path/Frameworks",
				);
				PRODUCT_BUNDLE_IDENTIFIER = "com.iKierre.Ask-anything";
				PRODUCT_NAME = "$(TARGET_NAME)";
				SWIFT_VERSION = 5.0;
				TARGETED_DEVICE_FAMILY = "1,2";
			};
			name = Release;
		};
		CC8FFA4426A0979B003BDB4E /* Debug */ = {
			isa = XCBuildConfiguration;
			buildSettings = {
				ALWAYS_EMBED_SWIFT_STANDARD_LIBRARIES = YES;
				BUNDLE_LOADER = "$(TEST_HOST)";
				CODE_SIGN_STYLE = Automatic;
				INFOPLIST_FILE = "Ask anythingTests/Info.plist";
				IPHONEOS_DEPLOYMENT_TARGET = 14.5;
				LD_RUNPATH_SEARCH_PATHS = (
					"$(inherited)",
					"@executable_path/Frameworks",
					"@loader_path/Frameworks",
				);
				PRODUCT_BUNDLE_IDENTIFIER = "com.iKierre.Ask-anythingTests";
				PRODUCT_NAME = "$(TARGET_NAME)";
				SWIFT_VERSION = 5.0;
				TARGETED_DEVICE_FAMILY = "1,2";
				TEST_HOST = "$(BUILT_PRODUCTS_DIR)/Ask anything.app/Ask anything";
			};
			name = Debug;
		};
		CC8FFA4526A0979B003BDB4E /* Release */ = {
			isa = XCBuildConfiguration;
			buildSettings = {
				ALWAYS_EMBED_SWIFT_STANDARD_LIBRARIES = YES;
				BUNDLE_LOADER = "$(TEST_HOST)";
				CODE_SIGN_STYLE = Automatic;
				INFOPLIST_FILE = "Ask anythingTests/Info.plist";
				IPHONEOS_DEPLOYMENT_TARGET = 14.5;
				LD_RUNPATH_SEARCH_PATHS = (
					"$(inherited)",
					"@executable_path/Frameworks",
					"@loader_path/Frameworks",
				);
				PRODUCT_BUNDLE_IDENTIFIER = "com.iKierre.Ask-anythingTests";
				PRODUCT_NAME = "$(TARGET_NAME)";
				SWIFT_VERSION = 5.0;
				TARGETED_DEVICE_FAMILY = "1,2";
				TEST_HOST = "$(BUILT_PRODUCTS_DIR)/Ask anything.app/Ask anything";
			};
			name = Release;
		};
		CC8FFA4726A0979B003BDB4E /* Debug */ = {
			isa = XCBuildConfiguration;
			buildSettings = {
				ALWAYS_EMBED_SWIFT_STANDARD_LIBRARIES = YES;
				CODE_SIGN_STYLE = Automatic;
				INFOPLIST_FILE = "Ask anythingUITests/Info.plist";
				LD_RUNPATH_SEARCH_PATHS = (
					"$(inherited)",
					"@executable_path/Frameworks",
					"@loader_path/Frameworks",
				);
				PRODUCT_BUNDLE_IDENTIFIER = "com.iKierre.Ask-anythingUITests";
				PRODUCT_NAME = "$(TARGET_NAME)";
				SWIFT_VERSION = 5.0;
				TARGETED_DEVICE_FAMILY = "1,2";
				TEST_TARGET_NAME = "Ask anything";
			};
			name = Debug;
		};
		CC8FFA4826A0979B003BDB4E /* Release */ = {
			isa = XCBuildConfiguration;
			buildSettings = {
				ALWAYS_EMBED_SWIFT_STANDARD_LIBRARIES = YES;
				CODE_SIGN_STYLE = Automatic;
				INFOPLIST_FILE = "Ask anythingUITests/Info.plist";
				LD_RUNPATH_SEARCH_PATHS = (
					"$(inherited)",
					"@executable_path/Frameworks",
					"@loader_path/Frameworks",
				);
				PRODUCT_BUNDLE_IDENTIFIER = "com.iKierre.Ask-anythingUITests";
				PRODUCT_NAME = "$(TARGET_NAME)";
				SWIFT_VERSION = 5.0;
				TARGETED_DEVICE_FAMILY = "1,2";
				TEST_TARGET_NAME = "Ask anything";
			};
			name = Release;
		};
/* End XCBuildConfiguration section */

/* Begin XCConfigurationList section */
		CC8FFA0E26A09797003BDB4E /* Build configuration list for PBXProject "Ask anything" */ = {
			isa = XCConfigurationList;
			buildConfigurations = (
				CC8FFA3E26A0979B003BDB4E /* Debug */,
				CC8FFA3F26A0979B003BDB4E /* Release */,
			);
			defaultConfigurationIsVisible = 0;
			defaultConfigurationName = Release;
		};
		CC8FFA4026A0979B003BDB4E /* Build configuration list for PBXNativeTarget "Ask anything" */ = {
			isa = XCConfigurationList;
			buildConfigurations = (
				CC8FFA4126A0979B003BDB4E /* Debug */,
				CC8FFA4226A0979B003BDB4E /* Release */,
			);
			defaultConfigurationIsVisible = 0;
			defaultConfigurationName = Release;
		};
		CC8FFA4326A0979B003BDB4E /* Build configuration list for PBXNativeTarget "Ask anythingTests" */ = {
			isa = XCConfigurationList;
			buildConfigurations = (
				CC8FFA4426A0979B003BDB4E /* Debug */,
				CC8FFA4526A0979B003BDB4E /* Release */,
			);
			defaultConfigurationIsVisible = 0;
			defaultConfigurationName = Release;
		};
		CC8FFA4626A0979B003BDB4E /* Build configuration list for PBXNativeTarget "Ask anythingUITests" */ = {
			isa = XCConfigurationList;
			buildConfigurations = (
				CC8FFA4726A0979B003BDB4E /* Debug */,
				CC8FFA4826A0979B003BDB4E /* Release */,
			);
			defaultConfigurationIsVisible = 0;
			defaultConfigurationName = Release;
		};
/* End XCConfigurationList section */

/* Begin XCVersionGroup section */
		CC8FFA1F26A09797003BDB4E /* Ask_anything.xcdatamodeld */ = {
			isa = XCVersionGroup;
			children = (
				CC8FFA2026A09797003BDB4E /* Ask_anything.xcdatamodel */,
			);
			currentVersion = CC8FFA2026A09797003BDB4E /* Ask_anything.xcdatamodel */;
			path = Ask_anything.xcdatamodeld;
			sourceTree = "<group>";
			versionGroupType = wrapper.xcdatamodel;
		};
/* End XCVersionGroup section */
	};
	rootObject = CC8FFA0B26A09797003BDB4E /* Project object */;
}
